// !$*UTF8*$!
{
	archiveVersion = 1;
	classes = {
	};
	objectVersion = 50;
	objects = {

/* Begin PBXBuildFile section */
		188616522570B7F000AE39BB /* GameScene.swift in Sources */ = {isa = PBXBuildFile; fileRef = 188616512570B7F000AE39BB /* GameScene.swift */; };
		188C67B0256CF03200033DC9 /* AppDelegate.swift in Sources */ = {isa = PBXBuildFile; fileRef = 188C67AF256CF03200033DC9 /* AppDelegate.swift */; };
		188C67B2256CF03200033DC9 /* SceneDelegate.swift in Sources */ = {isa = PBXBuildFile; fileRef = 188C67B1256CF03200033DC9 /* SceneDelegate.swift */; };
		188C67B4256CF03200033DC9 /* ViewController.swift in Sources */ = {isa = PBXBuildFile; fileRef = 188C67B3256CF03200033DC9 /* ViewController.swift */; };
		188C67B7256CF03200033DC9 /* Main.storyboard in Resources */ = {isa = PBXBuildFile; fileRef = 188C67B5256CF03200033DC9 /* Main.storyboard */; };
		188C67B9256CF03600033DC9 /* Assets.xcassets in Resources */ = {isa = PBXBuildFile; fileRef = 188C67B8256CF03600033DC9 /* Assets.xcassets */; };
		188C67BC256CF03600033DC9 /* LaunchScreen.storyboard in Resources */ = {isa = PBXBuildFile; fileRef = 188C67BA256CF03600033DC9 /* LaunchScreen.storyboard */; };
		189C7EDB2577AF2B00B848B4 /* bgm_maoudamashii_8bit27.m4a in Resources */ = {isa = PBXBuildFile; fileRef = 189C7EDA2577AF2B00B848B4 /* bgm_maoudamashii_8bit27.m4a */; };
		189C7EE22577C2F000B848B4 /* cancel.mp3 in Resources */ = {isa = PBXBuildFile; fileRef = 189C7EE02577C2F000B848B4 /* cancel.mp3 */; };
		189C7EE32577C2F000B848B4 /* cursor.mp3 in Resources */ = {isa = PBXBuildFile; fileRef = 189C7EE12577C2F000B848B4 /* cursor.mp3 */; };
/* End PBXBuildFile section */

/* Begin PBXFileReference section */
		188616512570B7F000AE39BB /* GameScene.swift */ = {isa = PBXFileReference; lastKnownFileType = sourcecode.swift; path = GameScene.swift; sourceTree = "<group>"; };
		188C67AC256CF03200033DC9 /* FlappyBird.app */ = {isa = PBXFileReference; explicitFileType = wrapper.application; includeInIndex = 0; path = FlappyBird.app; sourceTree = BUILT_PRODUCTS_DIR; };
		188C67AF256CF03200033DC9 /* AppDelegate.swift */ = {isa = PBXFileReference; lastKnownFileType = sourcecode.swift; path = AppDelegate.swift; sourceTree = "<group>"; };
		188C67B1256CF03200033DC9 /* SceneDelegate.swift */ = {isa = PBXFileReference; lastKnownFileType = sourcecode.swift; path = SceneDelegate.swift; sourceTree = "<group>"; };
		188C67B3256CF03200033DC9 /* ViewController.swift */ = {isa = PBXFileReference; lastKnownFileType = sourcecode.swift; path = ViewController.swift; sourceTree = "<group>"; };
		188C67B6256CF03200033DC9 /* Base */ = {isa = PBXFileReference; lastKnownFileType = file.storyboard; name = Base; path = Base.lproj/Main.storyboard; sourceTree = "<group>"; };
		188C67B8256CF03600033DC9 /* Assets.xcassets */ = {isa = PBXFileReference; lastKnownFileType = folder.assetcatalog; path = Assets.xcassets; sourceTree = "<group>"; };
		188C67BB256CF03600033DC9 /* Base */ = {isa = PBXFileReference; lastKnownFileType = file.storyboard; name = Base; path = Base.lproj/LaunchScreen.storyboard; sourceTree = "<group>"; };
		188C67BD256CF03600033DC9 /* Info.plist */ = {isa = PBXFileReference; lastKnownFileType = text.plist.xml; path = Info.plist; sourceTree = "<group>"; };
		189C7EDA2577AF2B00B848B4 /* bgm_maoudamashii_8bit27.m4a */ = {isa = PBXFileReference; lastKnownFileType = file; path = bgm_maoudamashii_8bit27.m4a; sourceTree = "<group>"; };
		189C7EE02577C2F000B848B4 /* cancel.mp3 */ = {isa = PBXFileReference; lastKnownFileType = audio.mp3; path = cancel.mp3; sourceTree = "<group>"; };
		189C7EE12577C2F000B848B4 /* cursor.mp3 */ = {isa = PBXFileReference; lastKnownFileType = audio.mp3; path = cursor.mp3; sourceTree = "<group>"; };
/* End PBXFileReference section */

/* Begin PBXFrameworksBuildPhase section */
		188C67A9256CF03200033DC9 /* Frameworks */ = {
			isa = PBXFrameworksBuildPhase;
			buildActionMask = 2147483647;
			files = (
			);
			runOnlyForDeploymentPostprocessing = 0;
		};
/* End PBXFrameworksBuildPhase section */

/* Begin PBXGroup section */
		188C67A3256CF03200033DC9 = {
			isa = PBXGroup;
			children = (
				188C67AE256CF03200033DC9 /* FlappyBird */,
				188C67AD256CF03200033DC9 /* Products */,
			);
			sourceTree = "<group>";
		};
		188C67AD256CF03200033DC9 /* Products */ = {
			isa = PBXGroup;
			children = (
				188C67AC256CF03200033DC9 /* FlappyBird.app */,
			);
			name = Products;
			sourceTree = "<group>";
		};
		188C67AE256CF03200033DC9 /* FlappyBird */ = {
			isa = PBXGroup;
			children = (
				188C67AF256CF03200033DC9 /* AppDelegate.swift */,
				188C67B1256CF03200033DC9 /* SceneDelegate.swift */,
				188C67B3256CF03200033DC9 /* ViewController.swift */,
				188616512570B7F000AE39BB /* GameScene.swift */,
				189C7EDA2577AF2B00B848B4 /* bgm_maoudamashii_8bit27.m4a */,
				189C7EE02577C2F000B848B4 /* cancel.mp3 */,
				189C7EE12577C2F000B848B4 /* cursor.mp3 */,
				188C67B5256CF03200033DC9 /* Main.storyboard */,
				188C67B8256CF03600033DC9 /* Assets.xcassets */,
				188C67BA256CF03600033DC9 /* LaunchScreen.storyboard */,
				188C67BD256CF03600033DC9 /* Info.plist */,
			);
			path = FlappyBird;
			sourceTree = "<group>";
		};
/* End PBXGroup section */

/* Begin PBXNativeTarget section */
		188C67AB256CF03200033DC9 /* FlappyBird */ = {
			isa = PBXNativeTarget;
			buildConfigurationList = 188C67C0256CF03600033DC9 /* Build configuration list for PBXNativeTarget "FlappyBird" */;
			buildPhases = (
				188C67A8256CF03200033DC9 /* Sources */,
				188C67A9256CF03200033DC9 /* Frameworks */,
				188C67AA256CF03200033DC9 /* Resources */,
			);
			buildRules = (
			);
			dependencies = (
			);
			name = FlappyBird;
			productName = FlappyBird;
			productReference = 188C67AC256CF03200033DC9 /* FlappyBird.app */;
			productType = "com.apple.product-type.application";
		};
/* End PBXNativeTarget section */

/* Begin PBXProject section */
		188C67A4256CF03200033DC9 /* Project object */ = {
			isa = PBXProject;
			attributes = {
				LastSwiftUpdateCheck = 1150;
				LastUpgradeCheck = 1150;
				ORGANIZATIONNAME = tetsushi.miwa;
				TargetAttributes = {
					188C67AB256CF03200033DC9 = {
						CreatedOnToolsVersion = 11.5;
					};
				};
			};
			buildConfigurationList = 188C67A7256CF03200033DC9 /* Build configuration list for PBXProject "FlappyBird" */;
			compatibilityVersion = "Xcode 9.3";
			developmentRegion = en;
			hasScannedForEncodings = 0;
			knownRegions = (
				en,
				Base,
			);
			mainGroup = 188C67A3256CF03200033DC9;
			productRefGroup = 188C67AD256CF03200033DC9 /* Products */;
			projectDirPath = "";
			projectRoot = "";
			targets = (
				188C67AB256CF03200033DC9 /* FlappyBird */,
			);
		};
/* End PBXProject section */

/* Begin PBXResourcesBuildPhase section */
		188C67AA256CF03200033DC9 /* Resources */ = {
			isa = PBXResourcesBuildPhase;
			buildActionMask = 2147483647;
			files = (
				188C67BC256CF03600033DC9 /* LaunchScreen.storyboard in Resources */,
				189C7EDB2577AF2B00B848B4 /* bgm_maoudamashii_8bit27.m4a in Resources */,
				188C67B9256CF03600033DC9 /* Assets.xcassets in Resources */,
				189C7EE22577C2F000B848B4 /* cancel.mp3 in Resources */,
				189C7EE32577C2F000B848B4 /* cursor.mp3 in Resources */,
				188C67B7256CF03200033DC9 /* Main.storyboard in Resources */,
			);
			runOnlyForDeploymentPostprocessing = 0;
		};
/* End PBXResourcesBuildPhase section */

/* Begin PBXSourcesBuildPhase section */
		188C67A8256CF03200033DC9 /* Sources */ = {
			isa = PBXSourcesBuildPhase;
			buildActionMask = 2147483647;
			files = (
				188C67B4256CF03200033DC9 /* ViewController.swift in Sources */,
				188C67B0256CF03200033DC9 /* AppDelegate.swift in Sources */,
				188616522570B7F000AE39BB /* GameScene.swift in Sources */,
				188C67B2256CF03200033DC9 /* SceneDelegate.swift in Sources */,
			);
			runOnlyForDeploymentPostprocessing = 0;
		};
/* End PBXSourcesBuildPhase section */

/* Begin PBXVariantGroup section */
		188C67B5256CF03200033DC9 /* Main.storyboard */ = {
			isa = PBXVariantGroup;
			children = (
				188C67B6256CF03200033DC9 /* Base */,
			);
			name = Main.storyboard;
			sourceTree = "<group>";
		};
		188C67BA256CF03600033DC9 /* LaunchScreen.storyboard */ = {
			isa = PBXVariantGroup;
			children = (
				188C67BB256CF03600033DC9 /* Base */,
			);
			name = LaunchScreen.storyboard;
			sourceTree = "<group>";
		};
/* End PBXVariantGroup section */

/* Begin XCBuildConfiguration section */
		188C67BE256CF03600033DC9 /* Debug */ = {
			isa = XCBuildConfiguration;
			buildSettings = {
				ALWAYS_SEARCH_USER_PATHS = NO;
				CLANG_ANALYZER_NONNULL = YES;
				CLANG_ANALYZER_NUMBER_OBJECT_CONVERSION = YES_AGGRESSIVE;
				CLANG_CXX_LANGUAGE_STANDARD = "gnu++14";
				CLANG_CXX_LIBRARY = "libc++";
				CLANG_ENABLE_MODULES = YES;
				CLANG_ENABLE_OBJC_ARC = YES;
				CLANG_ENABLE_OBJC_WEAK = YES;
				CLANG_WARN_BLOCK_CAPTURE_AUTORELEASING = YES;
				CLANG_WARN_BOOL_CONVERSION = YES;
				CLANG_WARN_COMMA = YES;
				CLANG_WARN_CONSTANT_CONVERSION = YES;
				CLANG_WARN_DEPRECATED_OBJC_IMPLEMENTATIONS = YES;
				CLANG_WARN_DIRECT_OBJC_ISA_USAGE = YES_ERROR;
				CLANG_WARN_DOCUMENTATION_COMMENTS = YES;
				CLANG_WARN_EMPTY_BODY = YES;
				CLANG_WARN_ENUM_CONVERSION = YES;
				CLANG_WARN_INFINITE_RECURSION = YES;
				CLANG_WARN_INT_CONVERSION = YES;
				CLANG_WARN_NON_LITERAL_NULL_CONVERSION = YES;
				CLANG_WARN_OBJC_IMPLICIT_RETAIN_SELF = YES;
				CLANG_WARN_OBJC_LITERAL_CONVERSION = YES;
				CLANG_WARN_OBJC_ROOT_CLASS = YES_ERROR;
				CLANG_WARN_RANGE_LOOP_ANALYSIS = YES;
				CLANG_WARN_STRICT_PROTOTYPES = YES;
				CLANG_WARN_SUSPICIOUS_MOVE = YES;
				CLANG_WARN_UNGUARDED_AVAILABILITY = YES_AGGRESSIVE;
				CLANG_WARN_UNREACHABLE_CODE = YES;
				CLANG_WARN__DUPLICATE_METHOD_MATCH = YES;
				COPY_PHASE_STRIP = NO;
				DEBUG_INFORMATION_FORMAT = dwarf;
				ENABLE_STRICT_OBJC_MSGSEND = YES;
				ENABLE_TESTABILITY = YES;
				GCC_C_LANGUAGE_STANDARD = gnu11;
				GCC_DYNAMIC_NO_PIC = NO;
				GCC_NO_COMMON_BLOCKS = YES;
				GCC_OPTIMIZATION_LEVEL = 0;
				GCC_PREPROCESSOR_DEFINITIONS = (
					"DEBUG=1",
					"$(inherited)",
				);
				GCC_WARN_64_TO_32_BIT_CONVERSION = YES;
				GCC_WARN_ABOUT_RETURN_TYPE = YES_ERROR;
				GCC_WARN_UNDECLARED_SELECTOR = YES;
				GCC_WARN_UNINITIALIZED_AUTOS = YES_AGGRESSIVE;
				GCC_WARN_UNUSED_FUNCTION = YES;
				GCC_WARN_UNUSED_VARIABLE = YES;
				IPHONEOS_DEPLOYMENT_TARGET = 13.5;
				MTL_ENABLE_DEBUG_INFO = INCLUDE_SOURCE;
				MTL_FAST_MATH = YES;
				ONLY_ACTIVE_ARCH = YES;
				SDKROOT = iphoneos;
				SWIFT_ACTIVE_COMPILATION_CONDITIONS = DEBUG;
				SWIFT_OPTIMIZATION_LEVEL = "-Onone";
			};
			name = Debug;
		};
		188C67BF256CF03600033DC9 /* Release */ = {
			isa = XCBuildConfiguration;
			buildSettings = {
				ALWAYS_SEARCH_USER_PATHS = NO;
				CLANG_ANALYZER_NONNULL = YES;
				CLANG_ANALYZER_NUMBER_OBJECT_CONVERSION = YES_AGGRESSIVE;
				CLANG_CXX_LANGUAGE_STANDARD = "gnu++14";
				CLANG_CXX_LIBRARY = "libc++";
				CLANG_ENABLE_MODULES = YES;
				CLANG_ENABLE_OBJC_ARC = YES;
				CLANG_ENABLE_OBJC_WEAK = YES;
				CLANG_WARN_BLOCK_CAPTURE_AUTORELEASING = YES;
				CLANG_WARN_BOOL_CONVERSION = YES;
				CLANG_WARN_COMMA = YES;
				CLANG_WARN_CONSTANT_CONVERSION = YES;
				CLANG_WARN_DEPRECATED_OBJC_IMPLEMENTATIONS = YES;
				CLANG_WARN_DIRECT_OBJC_ISA_USAGE = YES_ERROR;
				CLANG_WARN_DOCUMENTATION_COMMENTS = YES;
				CLANG_WARN_EMPTY_BODY = YES;
				CLANG_WARN_ENUM_CONVERSION = YES;
				CLANG_WARN_INFINITE_RECURSION = YES;
				CLANG_WARN_INT_CONVERSION = YES;
				CLANG_WARN_NON_LITERAL_NULL_CONVERSION = YES;
				CLANG_WARN_OBJC_IMPLICIT_RETAIN_SELF = YES;
				CLANG_WARN_OBJC_LITERAL_CONVERSION = YES;
				CLANG_WARN_OBJC_ROOT_CLASS = YES_ERROR;
				CLANG_WARN_RANGE_LOOP_ANALYSIS = YES;
				CLANG_WARN_STRICT_PROTOTYPES = YES;
				CLANG_WARN_SUSPICIOUS_MOVE = YES;
				CLANG_WARN_UNGUARDED_AVAILABILITY = YES_AGGRESSIVE;
				CLANG_WARN_UNREACHABLE_CODE = YES;
				CLANG_WARN__DUPLICATE_METHOD_MATCH = YES;
				COPY_PHASE_STRIP = NO;
				DEBUG_INFORMATION_FORMAT = "dwarf-with-dsym";
				ENABLE_NS_ASSERTIONS = NO;
				ENABLE_STRICT_OBJC_MSGSEND = YES;
				GCC_C_LANGUAGE_STANDARD = gnu11;
				GCC_NO_COMMON_BLOCKS = YES;
				GCC_WARN_64_TO_32_BIT_CONVERSION = YES;
				GCC_WARN_ABOUT_RETURN_TYPE = YES_ERROR;
				GCC_WARN_UNDECLARED_SELECTOR = YES;
				GCC_WARN_UNINITIALIZED_AUTOS = YES_AGGRESSIVE;
				GCC_WARN_UNUSED_FUNCTION = YES;
				GCC_WARN_UNUSED_VARIABLE = YES;
				IPHONEOS_DEPLOYMENT_TARGET = 13.5;
				MTL_ENABLE_DEBUG_INFO = NO;
				MTL_FAST_MATH = YES;
				SDKROOT = iphoneos;
				SWIFT_COMPILATION_MODE = wholemodule;
				SWIFT_OPTIMIZATION_LEVEL = "-O";
				VALIDATE_PRODUCT = YES;
			};
			name = Release;
		};
		188C67C1256CF03600033DC9 /* Debug */ = {
			isa = XCBuildConfiguration;
			buildSettings = {
				ASSETCATALOG_COMPILER_APPICON_NAME = AppIcon;
				CODE_SIGN_STYLE = Automatic;
				DEVELOPMENT_TEAM = 5N6RQMF42Q;
				INFOPLIST_FILE = FlappyBird/Info.plist;
				LD_RUNPATH_SEARCH_PATHS = (
					"$(inherited)",
					"@executable_path/Frameworks",
				);
				PRODUCT_BUNDLE_IDENTIFIER = jp.techachademy.tetsushi.miwa.FlappyBird;
				PRODUCT_NAME = "$(TARGET_NAME)";
				SWIFT_VERSION = 5.0;
				TARGETED_DEVICE_FAMILY = 1;
			};
			name = Debug;
		};
		188C67C2256CF03600033DC9 /* Release */ = {
			isa = XCBuildConfiguration;
			buildSettings = {
				ASSETCATALOG_COMPILER_APPICON_NAME = AppIcon;
				CODE_SIGN_STYLE = Automatic;
				DEVELOPMENT_TEAM = 5N6RQMF42Q;
				INFOPLIST_FILE = FlappyBird/Info.plist;
				LD_RUNPATH_SEARCH_PATHS = (
					"$(inherited)",
					"@executable_path/Frameworks",
				);
				PRODUCT_BUNDLE_IDENTIFIER = jp.techachademy.tetsushi.miwa.FlappyBird;
				PRODUCT_NAME = "$(TARGET_NAME)";
				SWIFT_VERSION = 5.0;
				TARGETED_DEVICE_FAMILY = 1;
			};
			name = Release;
		};
/* End XCBuildConfiguration section */

/* Begin XCConfigurationList section */
		188C67A7256CF03200033DC9 /* Build configuration list for PBXProject "FlappyBird" */ = {
			isa = XCConfigurationList;
			buildConfigurations = (
				188C67BE256CF03600033DC9 /* Debug */,
				188C67BF256CF03600033DC9 /* Release */,
			);
			defaultConfigurationIsVisible = 0;
			defaultConfigurationName = Release;
		};
		188C67C0256CF03600033DC9 /* Build configuration list for PBXNativeTarget "FlappyBird" */ = {
			isa = XCConfigurationList;
			buildConfigurations = (
				188C67C1256CF03600033DC9 /* Debug */,
				188C67C2256CF03600033DC9 /* Release */,
			);
			defaultConfigurationIsVisible = 0;
			defaultConfigurationName = Release;
		};
/* End XCConfigurationList section */
	};
	rootObject = 188C67A4256CF03200033DC9 /* Project object */;
}
